{
  "name": "sea-bar",
  "lockfileVersion": 3,
  "requires": true,
  "packages": {
    "": {
      "name": "sea-bar",
      "dependencies": {
        "@ci-types/gjs": "^1.0.12",
        "@girs/gjs": "^4.0.0-beta.6"
      },
      "devDependencies": {
        "@types/bun": "latest"
      },
      "peerDependencies": {
        "typescript": "^5.5.3"
      }
    },
    "node_modules/@ci-types/gjs": {
      "version": "1.0.12",
      "resolved": "https://registry.npmjs.org/@ci-types/gjs/-/gjs-1.0.12.tgz",
      "integrity": "sha512-qupC+aooNPw+UokNf8DuXg4bRttJ1SzHPXWqejcnHRQYlP66sndURV/Xu2n+aA9Wq5mGr5Zzm9qke68S0xLagQ==",
      "license": "MIT"
    },
    "node_modules/@girs/gio-2.0": {
      "version": "2.80.3-4.0.0-beta.6",
      "resolved": "https://registry.npmjs.org/@girs/gio-2.0/-/gio-2.0-2.80.3-4.0.0-beta.6.tgz",
      "integrity": "sha512-bTbiLWyQ5hqY8E8jL5TofE9xPpJhJSR74FguGaxbYtOmdBD/LQg8hBNHWFPzqkdYMV0k7B62724Wg7kxGJ4DnA==",
      "license": "MIT",
      "dependencies": {
        "@girs/gjs": "^4.0.0-beta.6",
        "@girs/glib-2.0": "^2.80.3-4.0.0-beta.6",
        "@girs/gmodule-2.0": "^2.0.0-4.0.0-beta.6",
        "@girs/gobject-2.0": "^2.80.3-4.0.0-beta.6"
      }
    },
    "node_modules/@girs/gjs": {
      "version": "4.0.0-beta.6",
      "resolved": "https://registry.npmjs.org/@girs/gjs/-/gjs-4.0.0-beta.6.tgz",
      "integrity": "sha512-j9IXtL8Cw8FMts9r5YodRPCeqL0qqgTQOoln3A4vY0RMA3Fcg6Sa19eD6wFd11l1jvPKCYdR2CgcBMV13mPVjg==",
      "license": "MIT",
      "dependencies": {
        "@girs/gio-2.0": "^2.80.3-4.0.0-beta.6",
        "@girs/glib-2.0": "^2.80.3-4.0.0-beta.6",
        "@girs/gobject-2.0": "^2.80.3-4.0.0-beta.6"
      }
    },
    "node_modules/@girs/glib-2.0": {
      "version": "2.80.3-4.0.0-beta.6",
      "resolved": "https://registry.npmjs.org/@girs/glib-2.0/-/glib-2.0-2.80.3-4.0.0-beta.6.tgz",
      "integrity": "sha512-L2RIJ24uoWtaV6wfRbrzk5yCWcaFfbnapxh74HRWkPTgWdnm62uqCrze9W8Wrbj9UvZazHaaBGlIB8ab4NeYSw==",
      "license": "MIT",
      "dependencies": {
        "@girs/gjs": "^4.0.0-beta.6",
        "@girs/gobject-2.0": "^2.80.3-4.0.0-beta.6"
      }
    },
    "node_modules/@girs/gmodule-2.0": {
      "version": "2.0.0-4.0.0-beta.6",
      "resolved": "https://registry.npmjs.org/@girs/gmodule-2.0/-/gmodule-2.0-2.0.0-4.0.0-beta.6.tgz",
      "integrity": "sha512-lwKyqXkLRRInlyx7yEQg7mCH3q3Vy2Fmq0iKudk2mmD/QZ4v0+eEbKfzOg+Wves0ImIcxmOZZ33Ga9oLEwIKtQ==",
      "license": "MIT",
      "dependencies": {
        "@girs/gjs": "^4.0.0-beta.6",
        "@girs/glib-2.0": "^2.80.3-4.0.0-beta.6",
        "@girs/gobject-2.0": "^2.80.3-4.0.0-beta.6"
      }
    },
    "node_modules/@girs/gobject-2.0": {
      "version": "2.80.3-4.0.0-beta.6",
      "resolved": "https://registry.npmjs.org/@girs/gobject-2.0/-/gobject-2.0-2.80.3-4.0.0-beta.6.tgz",
      "integrity": "sha512-NqtWAU/Vo3iZELbp40flEfs9tfouW3sPKzwDomJCJNyJxgCnsZKPgmxUMj9wV7ub77egiQclrjaGwzVOt8XTSA==",
      "license": "MIT",
      "dependencies": {
        "@girs/gjs": "^4.0.0-beta.6",
        "@girs/glib-2.0": "^2.80.3-4.0.0-beta.6"
      }
    },
    "node_modules/@types/bun": {
      "version": "1.1.6",
      "resolved": "https://registry.npmjs.org/@types/bun/-/bun-1.1.6.tgz",
      "integrity": "sha512-uJgKjTdX0GkWEHZzQzFsJkWp5+43ZS7HC8sZPFnOwnSo1AsNl2q9o2bFeS23disNDqbggEgyFkKCHl/w8iZsMA==",
      "dev": true,
      "license": "MIT",
      "dependencies": {
        "bun-types": "1.1.17"
      }
    },
    "node_modules/@types/node": {
      "version": "20.12.14",
      "dev": true,
      "license": "MIT",
      "dependencies": {
        "undici-types": "~5.26.4"
      }
    },
    "node_modules/@types/ws": {
      "version": "8.5.11",
      "dev": true,
      "license": "MIT",
      "dependencies": {
        "@types/node": "*"
      }
    },
    "node_modules/bun-types": {
      "version": "1.1.17",
      "dev": true,
      "license": "MIT",
      "dependencies": {
        "@types/node": "~20.12.8",
        "@types/ws": "~8.5.10"
      }
    },
    "node_modules/typescript": {
      "version": "5.5.3",
      "license": "Apache-2.0",
      "peer": true,
      "bin": {
        "tsc": "bin/tsc",
        "tsserver": "bin/tsserver"
      },
      "engines": {
        "node": ">=14.17"
      }
    },
    "node_modules/undici-types": {
      "version": "5.26.5",
      "dev": true,
      "license": "MIT"
    }
  }
}
